// !$*UTF8*$!
{
	archiveVersion = 1;
	classes = {
	};
	objectVersion = 48;
	objects = {

/* Begin PBXBuildFile section */
		74A81CFA043D69652CDAE9D9 /* Pods_socket_indoor_location_provider_ios.framework in Frameworks */ = {isa = PBXBuildFile; fileRef = CCC1079DAB1FF9A6685331B1 /* Pods_socket_indoor_location_provider_ios.framework */; };
		8F42B77F1FF3937D00D601D2 /* AppDelegate.swift in Sources */ = {isa = PBXBuildFile; fileRef = 8F42B77E1FF3937D00D601D2 /* AppDelegate.swift */; };
		8F42B7811FF3937D00D601D2 /* ViewController.swift in Sources */ = {isa = PBXBuildFile; fileRef = 8F42B7801FF3937D00D601D2 /* ViewController.swift */; };
		8F42B7841FF3937D00D601D2 /* Main.storyboard in Resources */ = {isa = PBXBuildFile; fileRef = 8F42B7821FF3937D00D601D2 /* Main.storyboard */; };
		8F42B7861FF3937D00D601D2 /* Assets.xcassets in Resources */ = {isa = PBXBuildFile; fileRef = 8F42B7851FF3937D00D601D2 /* Assets.xcassets */; };
		8F42B7891FF3937D00D601D2 /* LaunchScreen.storyboard in Resources */ = {isa = PBXBuildFile; fileRef = 8F42B7871FF3937D00D601D2 /* LaunchScreen.storyboard */; };
		8F42B7921FF3945C00D601D2 /* ILSocketLocationProvider.swift in Sources */ = {isa = PBXBuildFile; fileRef = 8F42B7911FF3945C00D601D2 /* ILSocketLocationProvider.swift */; };
/* End PBXBuildFile section */

/* Begin PBXFileReference section */
		8F42B77B1FF3937D00D601D2 /* socket-indoor-location-provider-ios.app */ = {isa = PBXFileReference; explicitFileType = wrapper.application; includeInIndex = 0; path = "socket-indoor-location-provider-ios.app"; sourceTree = BUILT_PRODUCTS_DIR; };
		8F42B77E1FF3937D00D601D2 /* AppDelegate.swift */ = {isa = PBXFileReference; lastKnownFileType = sourcecode.swift; path = AppDelegate.swift; sourceTree = "<group>"; };
		8F42B7801FF3937D00D601D2 /* ViewController.swift */ = {isa = PBXFileReference; lastKnownFileType = sourcecode.swift; path = ViewController.swift; sourceTree = "<group>"; };
		8F42B7831FF3937D00D601D2 /* Base */ = {isa = PBXFileReference; lastKnownFileType = file.storyboard; name = Base; path = Base.lproj/Main.storyboard; sourceTree = "<group>"; };
		8F42B7851FF3937D00D601D2 /* Assets.xcassets */ = {isa = PBXFileReference; lastKnownFileType = folder.assetcatalog; path = Assets.xcassets; sourceTree = "<group>"; };
		8F42B7881FF3937D00D601D2 /* Base */ = {isa = PBXFileReference; lastKnownFileType = file.storyboard; name = Base; path = Base.lproj/LaunchScreen.storyboard; sourceTree = "<group>"; };
		8F42B78A1FF3937D00D601D2 /* Info.plist */ = {isa = PBXFileReference; lastKnownFileType = text.plist.xml; path = Info.plist; sourceTree = "<group>"; };
		8F42B7911FF3945C00D601D2 /* ILSocketLocationProvider.swift */ = {isa = PBXFileReference; lastKnownFileType = sourcecode.swift; path = ILSocketLocationProvider.swift; sourceTree = "<group>"; };
		99CD0BEF0574FDA031A53C50 /* Pods-socket-indoor-location-provider-ios.release.xcconfig */ = {isa = PBXFileReference; includeInIndex = 1; lastKnownFileType = text.xcconfig; name = "Pods-socket-indoor-location-provider-ios.release.xcconfig"; path = "Pods/Target Support Files/Pods-socket-indoor-location-provider-ios/Pods-socket-indoor-location-provider-ios.release.xcconfig"; sourceTree = "<group>"; };
		CB568FBFDA8415272EF9581C /* Pods-socket-indoor-location-provider-ios.debug.xcconfig */ = {isa = PBXFileReference; includeInIndex = 1; lastKnownFileType = text.xcconfig; name = "Pods-socket-indoor-location-provider-ios.debug.xcconfig"; path = "Pods/Target Support Files/Pods-socket-indoor-location-provider-ios/Pods-socket-indoor-location-provider-ios.debug.xcconfig"; sourceTree = "<group>"; };
		CCC1079DAB1FF9A6685331B1 /* Pods_socket_indoor_location_provider_ios.framework */ = {isa = PBXFileReference; explicitFileType = wrapper.framework; includeInIndex = 0; path = Pods_socket_indoor_location_provider_ios.framework; sourceTree = BUILT_PRODUCTS_DIR; };
/* End PBXFileReference section */

/* Begin PBXFrameworksBuildPhase section */
		8F42B7781FF3937D00D601D2 /* Frameworks */ = {
			isa = PBXFrameworksBuildPhase;
			buildActionMask = 2147483647;
			files = (
				74A81CFA043D69652CDAE9D9 /* Pods_socket_indoor_location_provider_ios.framework in Frameworks */,
			);
			runOnlyForDeploymentPostprocessing = 0;
		};
/* End PBXFrameworksBuildPhase section */

/* Begin PBXGroup section */
		4FC94E61687C8326DC9541CC /* Frameworks */ = {
			isa = PBXGroup;
			children = (
				CCC1079DAB1FF9A6685331B1 /* Pods_socket_indoor_location_provider_ios.framework */,
			);
			name = Frameworks;
			sourceTree = "<group>";
		};
		8F42B7721FF3937D00D601D2 = {
			isa = PBXGroup;
			children = (
				8F42B77D1FF3937D00D601D2 /* socket-indoor-location-provider-ios */,
				8F42B77C1FF3937D00D601D2 /* Products */,
				B95CBE9019EDB54824C3DC22 /* Pods */,
				4FC94E61687C8326DC9541CC /* Frameworks */,
			);
			sourceTree = "<group>";
		};
		8F42B77C1FF3937D00D601D2 /* Products */ = {
			isa = PBXGroup;
			children = (
				8F42B77B1FF3937D00D601D2 /* socket-indoor-location-provider-ios.app */,
			);
			name = Products;
			sourceTree = "<group>";
		};
		8F42B77D1FF3937D00D601D2 /* socket-indoor-location-provider-ios */ = {
			isa = PBXGroup;
			children = (
				8F42B7901FF3941300D601D2 /* Provider */,
				8F42B77E1FF3937D00D601D2 /* AppDelegate.swift */,
				8F42B7801FF3937D00D601D2 /* ViewController.swift */,
				8F42B7821FF3937D00D601D2 /* Main.storyboard */,
				8F42B7851FF3937D00D601D2 /* Assets.xcassets */,
				8F42B7871FF3937D00D601D2 /* LaunchScreen.storyboard */,
				8F42B78A1FF3937D00D601D2 /* Info.plist */,
			);
			path = "socket-indoor-location-provider-ios";
			sourceTree = "<group>";
		};
		8F42B7901FF3941300D601D2 /* Provider */ = {
			isa = PBXGroup;
			children = (
				8F42B7911FF3945C00D601D2 /* ILSocketLocationProvider.swift */,
			);
			path = Provider;
			sourceTree = "<group>";
		};
		B95CBE9019EDB54824C3DC22 /* Pods */ = {
			isa = PBXGroup;
			children = (
				CB568FBFDA8415272EF9581C /* Pods-socket-indoor-location-provider-ios.debug.xcconfig */,
				99CD0BEF0574FDA031A53C50 /* Pods-socket-indoor-location-provider-ios.release.xcconfig */,
			);
			name = Pods;
			sourceTree = "<group>";
		};
/* End PBXGroup section */

/* Begin PBXNativeTarget section */
		8F42B77A1FF3937D00D601D2 /* socket-indoor-location-provider-ios */ = {
			isa = PBXNativeTarget;
			buildConfigurationList = 8F42B78D1FF3937D00D601D2 /* Build configuration list for PBXNativeTarget "socket-indoor-location-provider-ios" */;
			buildPhases = (
				8F4C79923E3CA2D6EB2B8EB8 /* [CP] Check Pods Manifest.lock */,
				8F42B7771FF3937D00D601D2 /* Sources */,
				8F42B7781FF3937D00D601D2 /* Frameworks */,
				8F42B7791FF3937D00D601D2 /* Resources */,
				F2D4CE47EC1706E9126EBE4F /* [CP] Embed Pods Frameworks */,
			);
			buildRules = (
			);
			dependencies = (
			);
			name = "socket-indoor-location-provider-ios";
			productName = "socket-indoor-location-provider-ios";
			productReference = 8F42B77B1FF3937D00D601D2 /* socket-indoor-location-provider-ios.app */;
			productType = "com.apple.product-type.application";
		};
/* End PBXNativeTarget section */

/* Begin PBXProject section */
		8F42B7731FF3937D00D601D2 /* Project object */ = {
			isa = PBXProject;
			attributes = {
				LastSwiftUpdateCheck = 0910;
				LastUpgradeCheck = 0910;
				ORGANIZATIONNAME = "Etienne Mercier";
				TargetAttributes = {
					8F42B77A1FF3937D00D601D2 = {
						CreatedOnToolsVersion = 9.1;
						ProvisioningStyle = Automatic;
					};
				};
			};
			buildConfigurationList = 8F42B7761FF3937D00D601D2 /* Build configuration list for PBXProject "socket-indoor-location-provider-ios" */;
			compatibilityVersion = "Xcode 8.0";
			developmentRegion = en;
			hasScannedForEncodings = 0;
			knownRegions = (
				en,
				Base,
			);
			mainGroup = 8F42B7721FF3937D00D601D2;
			productRefGroup = 8F42B77C1FF3937D00D601D2 /* Products */;
			projectDirPath = "";
			projectRoot = "";
			targets = (
				8F42B77A1FF3937D00D601D2 /* socket-indoor-location-provider-ios */,
			);
		};
/* End PBXProject section */

/* Begin PBXResourcesBuildPhase section */
		8F42B7791FF3937D00D601D2 /* Resources */ = {
			isa = PBXResourcesBuildPhase;
			buildActionMask = 2147483647;
			files = (
				8F42B7891FF3937D00D601D2 /* LaunchScreen.storyboard in Resources */,
				8F42B7861FF3937D00D601D2 /* Assets.xcassets in Resources */,
				8F42B7841FF3937D00D601D2 /* Main.storyboard in Resources */,
			);
			runOnlyForDeploymentPostprocessing = 0;
		};
/* End PBXResourcesBuildPhase section */

/* Begin PBXShellScriptBuildPhase section */
		8F4C79923E3CA2D6EB2B8EB8 /* [CP] Check Pods Manifest.lock */ = {
			isa = PBXShellScriptBuildPhase;
			buildActionMask = 2147483647;
			files = (
			);
			inputPaths = (
				"${PODS_PODFILE_DIR_PATH}/Podfile.lock",
				"${PODS_ROOT}/Manifest.lock",
			);
			name = "[CP] Check Pods Manifest.lock";
			outputPaths = (
				"$(DERIVED_FILE_DIR)/Pods-socket-indoor-location-provider-ios-checkManifestLockResult.txt",
			);
			runOnlyForDeploymentPostprocessing = 0;
			shellPath = /bin/sh;
			shellScript = "diff \"${PODS_PODFILE_DIR_PATH}/Podfile.lock\" \"${PODS_ROOT}/Manifest.lock\" > /dev/null\nif [ $? != 0 ] ; then\n    # print error to STDERR\n    echo \"error: The sandbox is not in sync with the Podfile.lock. Run 'pod install' or update your CocoaPods installation.\" >&2\n    exit 1\nfi\n# This output is used by Xcode 'outputs' to avoid re-running this script phase.\necho \"SUCCESS\" > \"${SCRIPT_OUTPUT_FILE_0}\"\n";
			showEnvVarsInLog = 0;
		};
		F2D4CE47EC1706E9126EBE4F /* [CP] Embed Pods Frameworks */ = {
			isa = PBXShellScriptBuildPhase;
			buildActionMask = 2147483647;
			files = (
			);
			inputPaths = (
				"${PODS_ROOT}/Target Support Files/Pods-socket-indoor-location-provider-ios/Pods-socket-indoor-location-provider-ios-frameworks.sh",
				"${BUILT_PRODUCTS_DIR}/IndoorLocation/IndoorLocation.framework",
				"${PODS_ROOT}/Mapbox-iOS-SDK/dynamic/Mapbox.framework",
				"${PODS_ROOT}/Mapbox-iOS-SDK/dynamic/Mapbox.framework.dSYM",
				"${PODS_ROOT}/Mapbox-iOS-SDK/dynamic/BADC3E19-B154-39DA-BE9A-E7C52B45BD0C.bcsymbolmap",
				"${PODS_ROOT}/Mapbox-iOS-SDK/dynamic/F86F5A50-B0A0-3D96-8330-20AFDAC47DCC.bcsymbolmap",
				"${PODS_ROOT}/Mapbox-iOS-SDK/dynamic/877E1F78-505A-34B9-A9A0-42F8BFA435B9.bcsymbolmap",
				"${PODS_ROOT}/Mapbox-iOS-SDK/dynamic/7C38D00F-328F-3E0C-B30E-E47F366F0F3D.bcsymbolmap",
				"${BUILT_PRODUCTS_DIR}/MapboxMobileEvents/MapboxMobileEvents.framework",
				"${PODS_ROOT}/MapwizeSDK/MapwizeSDK.framework",
				"${BUILT_PRODUCTS_DIR}/MapwizeUI/MapwizeUI.framework",
				"${BUILT_PRODUCTS_DIR}/SSZipArchive/SSZipArchive.framework",
				"${BUILT_PRODUCTS_DIR}/Socket.IO-Client-Swift/SocketIO.framework",
				"${BUILT_PRODUCTS_DIR}/Starscream/Starscream.framework",
			);
			name = "[CP] Embed Pods Frameworks";
			outputPaths = (
				"${TARGET_BUILD_DIR}/${FRAMEWORKS_FOLDER_PATH}/IndoorLocation.framework",
				"${TARGET_BUILD_DIR}/${FRAMEWORKS_FOLDER_PATH}/Mapbox.framework",
				"${DWARF_DSYM_FOLDER_PATH}/Mapbox.framework.dSYM",
				"${BUILT_PRODUCTS_DIR}/BADC3E19-B154-39DA-BE9A-E7C52B45BD0C.bcsymbolmap",
				"${BUILT_PRODUCTS_DIR}/F86F5A50-B0A0-3D96-8330-20AFDAC47DCC.bcsymbolmap",
				"${BUILT_PRODUCTS_DIR}/877E1F78-505A-34B9-A9A0-42F8BFA435B9.bcsymbolmap",
				"${BUILT_PRODUCTS_DIR}/7C38D00F-328F-3E0C-B30E-E47F366F0F3D.bcsymbolmap",
				"${TARGET_BUILD_DIR}/${FRAMEWORKS_FOLDER_PATH}/MapboxMobileEvents.framework",
				"${TARGET_BUILD_DIR}/${FRAMEWORKS_FOLDER_PATH}/MapwizeSDK.framework",
				"${TARGET_BUILD_DIR}/${FRAMEWORKS_FOLDER_PATH}/MapwizeUI.framework",
				"${TARGET_BUILD_DIR}/${FRAMEWORKS_FOLDER_PATH}/SSZipArchive.framework",
				"${TARGET_BUILD_DIR}/${FRAMEWORKS_FOLDER_PATH}/SocketIO.framework",
				"${TARGET_BUILD_DIR}/${FRAMEWORKS_FOLDER_PATH}/Starscream.framework",
			);
			runOnlyForDeploymentPostprocessing = 0;
			shellPath = /bin/sh;
			shellScript = "\"${PODS_ROOT}/Target Support Files/Pods-socket-indoor-location-provider-ios/Pods-socket-indoor-location-provider-ios-frameworks.sh\"\n";
			showEnvVarsInLog = 0;
		};
/* End PBXShellScriptBuildPhase section */

/* Begin PBXSourcesBuildPhase section */
		8F42B7771FF3937D00D601D2 /* Sources */ = {
			isa = PBXSourcesBuildPhase;
			buildActionMask = 2147483647;
			files = (
				8F42B7811FF3937D00D601D2 /* ViewController.swift in Sources */,
				8F42B77F1FF3937D00D601D2 /* AppDelegate.swift in Sources */,
				8F42B7921FF3945C00D601D2 /* ILSocketLocationProvider.swift in Sources */,
			);
			runOnlyForDeploymentPostprocessing = 0;
		};
/* End PBXSourcesBuildPhase section */

/* Begin PBXVariantGroup section */
		8F42B7821FF3937D00D601D2 /* Main.storyboard */ = {
			isa = PBXVariantGroup;
			children = (
				8F42B7831FF3937D00D601D2 /* Base */,
			);
			name = Main.storyboard;
			sourceTree = "<group>";
		};
		8F42B7871FF3937D00D601D2 /* LaunchScreen.storyboard */ = {
			isa = PBXVariantGroup;
			children = (
				8F42B7881FF3937D00D601D2 /* Base */,
			);
			name = LaunchScreen.storyboard;
			sourceTree = "<group>";
		};
/* End PBXVariantGroup section */

/* Begin XCBuildConfiguration section */
		8F42B78B1FF3937D00D601D2 /* Debug */ = {
			isa = XCBuildConfiguration;
			buildSettings = {
				ALWAYS_SEARCH_USER_PATHS = NO;
				CLANG_ANALYZER_NONNULL = YES;
				CLANG_ANALYZER_NUMBER_OBJECT_CONVERSION = YES_AGGRESSIVE;
				CLANG_CXX_LANGUAGE_STANDARD = "gnu++14";
				CLANG_CXX_LIBRARY = "libc++";
				CLANG_ENABLE_MODULES = YES;
				CLANG_ENABLE_OBJC_ARC = YES;
				CLANG_WARN_BLOCK_CAPTURE_AUTORELEASING = YES;
				CLANG_WARN_BOOL_CONVERSION = YES;
				CLANG_WARN_COMMA = YES;
				CLANG_WARN_CONSTANT_CONVERSION = YES;
				CLANG_WARN_DIRECT_OBJC_ISA_USAGE = YES_ERROR;
				CLANG_WARN_DOCUMENTATION_COMMENTS = YES;
				CLANG_WARN_EMPTY_BODY = YES;
				CLANG_WARN_ENUM_CONVERSION = YES;
				CLANG_WARN_INFINITE_RECURSION = YES;
				CLANG_WARN_INT_CONVERSION = YES;
				CLANG_WARN_NON_LITERAL_NULL_CONVERSION = YES;
				CLANG_WARN_OBJC_LITERAL_CONVERSION = YES;
				CLANG_WARN_OBJC_ROOT_CLASS = YES_ERROR;
				CLANG_WARN_RANGE_LOOP_ANALYSIS = YES;
				CLANG_WARN_STRICT_PROTOTYPES = YES;
				CLANG_WARN_SUSPICIOUS_MOVE = YES;
				CLANG_WARN_UNGUARDED_AVAILABILITY = YES_AGGRESSIVE;
				CLANG_WARN_UNREACHABLE_CODE = YES;
				CLANG_WARN__DUPLICATE_METHOD_MATCH = YES;
				CODE_SIGN_IDENTITY = "iPhone Developer";
				COPY_PHASE_STRIP = NO;
				DEBUG_INFORMATION_FORMAT = dwarf;
				ENABLE_STRICT_OBJC_MSGSEND = YES;
				ENABLE_TESTABILITY = YES;
				GCC_C_LANGUAGE_STANDARD = gnu11;
				GCC_DYNAMIC_NO_PIC = NO;
				GCC_NO_COMMON_BLOCKS = YES;
				GCC_OPTIMIZATION_LEVEL = 0;
				GCC_PREPROCESSOR_DEFINITIONS = (
					"DEBUG=1",
					"$(inherited)",
				);
				GCC_WARN_64_TO_32_BIT_CONVERSION = YES;
				GCC_WARN_ABOUT_RETURN_TYPE = YES_ERROR;
				GCC_WARN_UNDECLARED_SELECTOR = YES;
				GCC_WARN_UNINITIALIZED_AUTOS = YES_AGGRESSIVE;
				GCC_WARN_UNUSED_FUNCTION = YES;
				GCC_WARN_UNUSED_VARIABLE = YES;
				IPHONEOS_DEPLOYMENT_TARGET = 11.1;
				MTL_ENABLE_DEBUG_INFO = YES;
				ONLY_ACTIVE_ARCH = YES;
				SDKROOT = iphoneos;
				SWIFT_ACTIVE_COMPILATION_CONDITIONS = DEBUG;
				SWIFT_OPTIMIZATION_LEVEL = "-Onone";
			};
			name = Debug;
		};
		8F42B78C1FF3937D00D601D2 /* Release */ = {
			isa = XCBuildConfiguration;
			buildSettings = {
				ALWAYS_SEARCH_USER_PATHS = NO;
				CLANG_ANALYZER_NONNULL = YES;
				CLANG_ANALYZER_NUMBER_OBJECT_CONVERSION = YES_AGGRESSIVE;
				CLANG_CXX_LANGUAGE_STANDARD = "gnu++14";
				CLANG_CXX_LIBRARY = "libc++";
				CLANG_ENABLE_MODULES = YES;
				CLANG_ENABLE_OBJC_ARC = YES;
				CLANG_WARN_BLOCK_CAPTURE_AUTORELEASING = YES;
				CLANG_WARN_BOOL_CONVERSION = YES;
				CLANG_WARN_COMMA = YES;
				CLANG_WARN_CONSTANT_CONVERSION = YES;
				CLANG_WARN_DIRECT_OBJC_ISA_USAGE = YES_ERROR;
				CLANG_WARN_DOCUMENTATION_COMMENTS = YES;
				CLANG_WARN_EMPTY_BODY = YES;
				CLANG_WARN_ENUM_CONVERSION = YES;
				CLANG_WARN_INFINITE_RECURSION = YES;
				CLANG_WARN_INT_CONVERSION = YES;
				CLANG_WARN_NON_LITERAL_NULL_CONVERSION = YES;
				CLANG_WARN_OBJC_LITERAL_CONVERSION = YES;
				CLANG_WARN_OBJC_ROOT_CLASS = YES_ERROR;
				CLANG_WARN_RANGE_LOOP_ANALYSIS = YES;
				CLANG_WARN_STRICT_PROTOTYPES = YES;
				CLANG_WARN_SUSPICIOUS_MOVE = YES;
				CLANG_WARN_UNGUARDED_AVAILABILITY = YES_AGGRESSIVE;
				CLANG_WARN_UNREACHABLE_CODE = YES;
				CLANG_WARN__DUPLICATE_METHOD_MATCH = YES;
				CODE_SIGN_IDENTITY = "iPhone Developer";
				COPY_PHASE_STRIP = NO;
				DEBUG_INFORMATION_FORMAT = "dwarf-with-dsym";
				ENABLE_NS_ASSERTIONS = NO;
				ENABLE_STRICT_OBJC_MSGSEND = YES;
				GCC_C_LANGUAGE_STANDARD = gnu11;
				GCC_NO_COMMON_BLOCKS = YES;
				GCC_WARN_64_TO_32_BIT_CONVERSION = YES;
				GCC_WARN_ABOUT_RETURN_TYPE = YES_ERROR;
				GCC_WARN_UNDECLARED_SELECTOR = YES;
				GCC_WARN_UNINITIALIZED_AUTOS = YES_AGGRESSIVE;
				GCC_WARN_UNUSED_FUNCTION = YES;
				GCC_WARN_UNUSED_VARIABLE = YES;
				IPHONEOS_DEPLOYMENT_TARGET = 11.1;
				MTL_ENABLE_DEBUG_INFO = NO;
				SDKROOT = iphoneos;
				SWIFT_OPTIMIZATION_LEVEL = "-Owholemodule";
				VALIDATE_PRODUCT = YES;
			};
			name = Release;
		};
		8F42B78E1FF3937D00D601D2 /* Debug */ = {
			isa = XCBuildConfiguration;
			baseConfigurationReference = CB568FBFDA8415272EF9581C /* Pods-socket-indoor-location-provider-ios.debug.xcconfig */;
			buildSettings = {
				ASSETCATALOG_COMPILER_APPICON_NAME = AppIcon;
				CODE_SIGN_STYLE = Automatic;
				DEVELOPMENT_TEAM = W65Z4PGDFW;
				INFOPLIST_FILE = "socket-indoor-location-provider-ios/Info.plist";
				LD_RUNPATH_SEARCH_PATHS = "$(inherited) @executable_path/Frameworks";
				PRODUCT_BUNDLE_IDENTIFIER = "io.indoorlocation.socket-indoor-location-provider-ios";
				PRODUCT_NAME = "$(TARGET_NAME)";
				SWIFT_VERSION = 4.0;
				TARGETED_DEVICE_FAMILY = "1,2";
			};
			name = Debug;
		};
		8F42B78F1FF3937D00D601D2 /* Release */ = {
			isa = XCBuildConfiguration;
			baseConfigurationReference = 99CD0BEF0574FDA031A53C50 /* Pods-socket-indoor-location-provider-ios.release.xcconfig */;
			buildSettings = {
				ASSETCATALOG_COMPILER_APPICON_NAME = AppIcon;
				CODE_SIGN_STYLE = Automatic;
				DEVELOPMENT_TEAM = W65Z4PGDFW;
				INFOPLIST_FILE = "socket-indoor-location-provider-ios/Info.plist";
				LD_RUNPATH_SEARCH_PATHS = "$(inherited) @executable_path/Frameworks";
				PRODUCT_BUNDLE_IDENTIFIER = "io.indoorlocation.socket-indoor-location-provider-ios";
				PRODUCT_NAME = "$(TARGET_NAME)";
				SWIFT_VERSION = 4.0;
				TARGETED_DEVICE_FAMILY = "1,2";
			};
			name = Release;
		};
/* End XCBuildConfiguration section */

/* Begin XCConfigurationList section */
		8F42B7761FF3937D00D601D2 /* Build configuration list for PBXProject "socket-indoor-location-provider-ios" */ = {
			isa = XCConfigurationList;
			buildConfigurations = (
				8F42B78B1FF3937D00D601D2 /* Debug */,
				8F42B78C1FF3937D00D601D2 /* Release */,
			);
			defaultConfigurationIsVisible = 0;
			defaultConfigurationName = Release;
		};
		8F42B78D1FF3937D00D601D2 /* Build configuration list for PBXNativeTarget "socket-indoor-location-provider-ios" */ = {
			isa = XCConfigurationList;
			buildConfigurations = (
				8F42B78E1FF3937D00D601D2 /* Debug */,
				8F42B78F1FF3937D00D601D2 /* Release */,
			);
			defaultConfigurationIsVisible = 0;
			defaultConfigurationName = Release;
		};
/* End XCConfigurationList section */
	};
	rootObject = 8F42B7731FF3937D00D601D2 /* Project object */;
}
